
Microsoft Visual Studio Solution File, Format Version 12.00
# Visual Studio Version 17
VisualStudioVersion = 17.5.33424.131
MinimumVisualStudioVersion = 10.0.40219.1
Project("{FAE04EC0-301F-11D3-BF4B-00C04F79EFBC}") = "ingilizcekonusmaogrenmeuygulamasi", "ingilizcekonusmaogrenmeuygulamasi\ingilizcekonusmaogrenmeuygulamasi.csproj", "{62738A78-C3FF-4A94-89C6-3BA5411D17C4}"
EndProject
Global
	GlobalSection(SolutionConfigurationPlatforms) = preSolution
		Debug|Any CPU = Debug|Any CPU
		Release|Any CPU = Release|Any CPU
	EndGlobalSection
	GlobalSection(ProjectConfigurationPlatforms) = postSolution
		{62738A78-C3FF-4A94-89C6-3BA5411D17C4}.Debug|Any CPU.ActiveCfg = Debug|Any CPU
		{62738A78-C3FF-4A94-89C6-3BA5411D17C4}.Debug|Any CPU.Build.0 = Debug|Any CPU
		{62738A78-C3FF-4A94-89C6-3BA5411D17C4}.Release|Any CPU.ActiveCfg = Release|Any CPU
		{62738A78-C3FF-4A94-89C6-3BA5411D17C4}.Release|Any CPU.Build.0 = Release|Any CPU
	EndGlobalSection
	GlobalSection(SolutionProperties) = preSolution
		HideSolutionNode = FALSE
	EndGlobalSection
	GlobalSection(ExtensibilityGlobals) = postSolution
		SolutionGuid = {DCF54F4C-77AE-4C15-BF1C-09B11A567062}
	EndGlobalSection
EndGlobal
